
Microsoft Visual Studio Solution File, Format Version 12.00
# Visual Studio 15
VisualStudioVersion = 15.0.27703.2035
MinimumVisualStudioVersion = 10.0.40219.1
Project("{FAE04EC0-301F-11D3-BF4B-00C04F79EFBC}") = "Emma'sLibrary", "Emma'sLibrary\Emma'sLibrary.csproj", "{8EE9C60F-9513-4984-8AA2-8DF6CCF8D666}"
EndProject
Global
	GlobalSection(SolutionConfigurationPlatforms) = preSolution
		Debug|Any CPU = Debug|Any CPU
		Release|Any CPU = Release|Any CPU
	EndGlobalSection
	GlobalSection(ProjectConfigurationPlatforms) = postSolution
		{8EE9C60F-9513-4984-8AA2-8DF6CCF8D666}.Debug|Any CPU.ActiveCfg = Debug|Any CPU
		{8EE9C60F-9513-4984-8AA2-8DF6CCF8D666}.Debug|Any CPU.Build.0 = Debug|Any CPU
		{8EE9C60F-9513-4984-8AA2-8DF6CCF8D666}.Release|Any CPU.ActiveCfg = Release|Any CPU
		{8EE9C60F-9513-4984-8AA2-8DF6CCF8D666}.Release|Any CPU.Build.0 = Release|Any CPU
	EndGlobalSection
	GlobalSection(SolutionProperties) = preSolution
		HideSolutionNode = FALSE
	EndGlobalSection
	GlobalSection(ExtensibilityGlobals) = postSolution
		SolutionGuid = {6C36A676-6126-4A42-867D-AD8F804FC89B}
	EndGlobalSection
EndGlobal
